packages:
  - name: dbt_utils
    package: dbt-labs/dbt_utils
    version: 1.0.0
  - name: dbt_expectations
    package: calogica/dbt_expectations
    version: 0.8.0
  - name: codegen
    package: dbt-labs/codegen
    version: 0.9.0
  - name: dbt_date
    package: calogica/dbt_date
    version: 0.7.2
sha1_hash: 78c05444cf37b8fe72cc877b0b06d749e7aac4d9
